// @generated by Xcode
// VitalPathAI - Safety-First Wellness Coaching Platform

buildConfigurationList = 064D2E9B2C1F3A4E005B8C7D;
compatibilityVersion = "Xcode 14.0";
developmentRegion = en;
hasScannedForEncodings = 0;
knownRegions = (en, Base);
mainGroup = "";
productRefGroup = "";
projectDirPath = "";
projectRoot = "";
targets = (
);
